Microsoft Visual Studio Solution File, Format Version 11.00
# Visual Studio 2008

Project("{F512DBC9-BD6C-9FF1-D392-47810A108BF3}") = "VR_Travelling", "Assembly-CSharp-firstpass.csproj", "{BFC1F779-0F1D-A054-AE8A-FCAE4CD13237}"
EndProject
Project("{F512DBC9-BD6C-9FF1-D392-47810A108BF3}") = "VR_Travelling", "Assembly-CSharp.csproj", "{07362195-D4B3-4098-3F7B-F2C43534EDD5}"
EndProject
Project("{F512DBC9-BD6C-9FF1-D392-47810A108BF3}") = "VR_Travelling", "Assembly-CSharp-Editor-firstpass.csproj", "{A638CC10-E322-17F3-24FA-0334992EA956}"
EndProject
Global
	GlobalSection(SolutionConfigurationPlatforms) = preSolution
		Debug|Any CPU = Debug|Any CPU
		Release|Any CPU = Release|Any CPU
	EndGlobalSection
	GlobalSection(ProjectConfigurationPlatforms) = postSolution
		{BFC1F779-0F1D-A054-AE8A-FCAE4CD13237}.Debug|Any CPU.ActiveCfg = Debug|Any CPU
		{BFC1F779-0F1D-A054-AE8A-FCAE4CD13237}.Debug|Any CPU.Build.0 = Debug|Any CPU
		{BFC1F779-0F1D-A054-AE8A-FCAE4CD13237}.Release|Any CPU.ActiveCfg = Release|Any CPU
		{BFC1F779-0F1D-A054-AE8A-FCAE4CD13237}.Release|Any CPU.Build.0 = Release|Any CPU
		{07362195-D4B3-4098-3F7B-F2C43534EDD5}.Debug|Any CPU.ActiveCfg = Debug|Any CPU
		{07362195-D4B3-4098-3F7B-F2C43534EDD5}.Debug|Any CPU.Build.0 = Debug|Any CPU
		{07362195-D4B3-4098-3F7B-F2C43534EDD5}.Release|Any CPU.ActiveCfg = Release|Any CPU
		{07362195-D4B3-4098-3F7B-F2C43534EDD5}.Release|Any CPU.Build.0 = Release|Any CPU
		{A638CC10-E322-17F3-24FA-0334992EA956}.Debug|Any CPU.ActiveCfg = Debug|Any CPU
		{A638CC10-E322-17F3-24FA-0334992EA956}.Debug|Any CPU.Build.0 = Debug|Any CPU
		{A638CC10-E322-17F3-24FA-0334992EA956}.Release|Any CPU.ActiveCfg = Release|Any CPU
		{A638CC10-E322-17F3-24FA-0334992EA956}.Release|Any CPU.Build.0 = Release|Any CPU
	EndGlobalSection
	GlobalSection(SolutionProperties) = preSolution
		HideSolutionNode = FALSE
	EndGlobalSection
	GlobalSection(MonoDevelopProperties) = preSolution
		StartupItem = Assembly-CSharp.csproj
	EndGlobalSection
EndGlobal
